<?xml version="1.0" encoding="utf-8"?>
<Project ToolsVersion="4.0" xmlns="http://schemas.microsoft.com/developer/msbuild/2003">
  <ItemGroup>
    <Filter Include="data">
      <UniqueIdentifier>{f2491e57-22a3-4f32-8914-0696417e9142}</UniqueIdentifier>
    </Filter>
    <Filter Include="cpu">
      <UniqueIdentifier>{1618c6d3-0baf-434e-98c1-ba3405603989}</UniqueIdentifier>
    </Filter>
    <Filter Include="ppu">
      <UniqueIdentifier>{02492081-f60b-4359-97d3-6dce2de4a0a9}</UniqueIdentifier>
    </Filter>
    <Filter Include="apu">
      <UniqueIdentifier>{5d545220-d1a5-4821-8ae6-2f3b797b2d16}</UniqueIdentifier>
    </Filter>
    <Filter Include="mapper">
      <UniqueIdentifier>{a01cdb0c-0411-48f4-98c5-952ef4e9b74b}</UniqueIdentifier>
    </Filter>
    <Filter Include="cartridge">
      <UniqueIdentifier>{96c7dfad-2dfb-42ae-b477-e5f767d129b9}</UniqueIdentifier>
    </Filter>
    <Filter Include="bus">
      <UniqueIdentifier>{c0617343-a92d-46d3-9259-4734fc74467a}</UniqueIdentifier>
    </Filter>
    <Filter Include="nes">
      <UniqueIdentifier>{0f3f4a41-ffa9-473c-8dbf-a3c6f5755a2d}</UniqueIdentifier>
    </Filter>
  </ItemGroup>
  <ItemGroup>
    <ClCompile Include="cpu6502.cpp">
      <Filter>cpu</Filter>
    </ClCompile>
    <ClCompile Include="ppu2c02.cpp">
      <Filter>ppu</Filter>
    </ClCompile>
    <ClCompile Include="apu2a03.cpp">
      <Filter>apu</Filter>
    </ClCompile>
    <ClCompile Include="mapper4_mmc3.cpp">
      <Filter>mapper</Filter>
    </ClCompile>
    <ClCompile Include="cartridge.cpp">
      <Filter>cartridge</Filter>
    </ClCompile>
    <ClCompile Include="main.cpp" />
    <ClCompile Include="bus.cpp">
      <Filter>bus</Filter>
    </ClCompile>
    <ClCompile Include="nes.cpp">
      <Filter>nes</Filter>
    </ClCompile>
    <ClCompile Include="mapper1_mmc1.cpp">
      <Filter>mapper</Filter>
    </ClCompile>
  </ItemGroup>
  <ItemGroup>
    <ClInclude Include="cpu6502.h">
      <Filter>cpu</Filter>
    </ClInclude>
    <ClInclude Include="ppu2c02.h">
      <Filter>ppu</Filter>
    </ClInclude>
    <ClInclude Include="apu2a03.h">
      <Filter>apu</Filter>
    </ClInclude>
    <ClInclude Include="mapper4_mmc3.h">
      <Filter>mapper</Filter>
    </ClInclude>
    <ClInclude Include="cartridge.h">
      <Filter>cartridge</Filter>
    </ClInclude>
    <ClInclude Include="bus.h">
      <Filter>bus</Filter>
    </ClInclude>
    <ClInclude Include="nes.h">
      <Filter>nes</Filter>
    </ClInclude>
    <ClInclude Include="mapper1_mmc1.h">
      <Filter>mapper</Filter>
    </ClInclude>
    <ClInclude Include="IMapper.h">
      <Filter>mapper</Filter>
    </ClInclude>
  </ItemGroup>
  <ItemGroup>
    <None Include="..\roms\nestest.nes">
      <Filter>data</Filter>
    </None>
  </ItemGroup>
  <ItemGroup>
    <Text Include="..\roms\nestest.log">
      <Filter>data</Filter>
    </Text>
  </ItemGroup>
</Project>